# This file was autogenerated by Stack.
# You should not edit this file by hand.
# For more information, please see the documentation at:
#   https://docs.haskellstack.org/en/stable/lock_files

packages:
- completed:
    hackage: Yampa-0.13.3@sha256:44319b7cd2a54094b19c78515a8a8f174b96d674835ce7658dbf45a11448b327,6332
    pantry-tree:
      size: 4039
      sha256: 1311995e61b3cc9ccb8d685975ce6e7d485cc4bc782299dee8a834188f564a00
  original:
    hackage: Yampa-0.13.3
snapshots:
- completed:
    size: 586286
    url: https://raw.githubusercontent.com/commercialhaskell/stackage-snapshots/master/lts/18/16.yaml
    sha256: cdead65fca0323144b346c94286186f4969bf85594d649c49c7557295675d8a5
  original: lts-18.16
